
Microsoft Visual Studio Solution File, Format Version 12.00
# Visual Studio Version 16
VisualStudioVersion = 16.0.28803.202
MinimumVisualStudioVersion = 10.0.40219.1
Project("{FAE04EC0-301F-11D3-BF4B-00C04F79EFBC}") = "Xplore", "Xplore\Xplore.csproj", "{CDFFCEAD-F28B-4F1D-A603-2F76E59FC45B}"
EndProject
Global
	GlobalSection(SolutionConfigurationPlatforms) = preSolution
		Debug|Any CPU = Debug|Any CPU
		Release|Any CPU = Release|Any CPU
	EndGlobalSection
	GlobalSection(ProjectConfigurationPlatforms) = postSolution
		{CDFFCEAD-F28B-4F1D-A603-2F76E59FC45B}.Debug|Any CPU.ActiveCfg = Debug|Any CPU
		{CDFFCEAD-F28B-4F1D-A603-2F76E59FC45B}.Debug|Any CPU.Build.0 = Debug|Any CPU
		{CDFFCEAD-F28B-4F1D-A603-2F76E59FC45B}.Debug|Any CPU.Deploy.0 = Debug|Any CPU
		{CDFFCEAD-F28B-4F1D-A603-2F76E59FC45B}.Release|Any CPU.ActiveCfg = Release|Any CPU
		{CDFFCEAD-F28B-4F1D-A603-2F76E59FC45B}.Release|Any CPU.Build.0 = Release|Any CPU
		{CDFFCEAD-F28B-4F1D-A603-2F76E59FC45B}.Release|Any CPU.Deploy.0 = Release|Any CPU
	EndGlobalSection
	GlobalSection(SolutionProperties) = preSolution
		HideSolutionNode = FALSE
	EndGlobalSection
	GlobalSection(ExtensibilityGlobals) = postSolution
		SolutionGuid = {5BBB4A9C-60A3-47F0-A119-567C981B8718}
	EndGlobalSection
EndGlobal
